<?xml version="1.0" encoding="utf-8"?>
<Project ToolsVersion="4.0" xmlns="http://schemas.microsoft.com/developer/msbuild/2003">
  <ItemGroup>
    <Filter Include="Source Files">
      <UniqueIdentifier>{4FC737F1-C7A5-4376-A066-2A32D752A2FF}</UniqueIdentifier>
      <Extensions>cpp;c;cc;cxx;c++;cppm;ixx;def;odl;idl;hpj;bat;asm;asmx</Extensions>
    </Filter>
    <Filter Include="Header Files">
      <UniqueIdentifier>{93995380-89BD-4b04-88EB-625FBE52EBFB}</UniqueIdentifier>
      <Extensions>h;hh;hpp;hxx;h++;hm;inl;inc;ipp;xsd</Extensions>
    </Filter>
    <Filter Include="Resource Files">
      <UniqueIdentifier>{67DA6AB6-F800-4c08-8B7A-83BB121AAD01}</UniqueIdentifier>
      <Extensions>rc;ico;cur;bmp;dlg;rc2;rct;bin;rgs;gif;jpg;jpeg;jpe;resx;tiff;tif;png;wav;mfcribbon-ms</Extensions>
    </Filter>
  </ItemGroup>
  <ItemGroup>
    <ClInclude Include="framework.h">
      <Filter>Header Files</Filter>
    </ClInclude>
    <ClInclude Include="pch.h">
      <Filter>Header Files</Filter>
    </ClInclude>
    <ClInclude Include="IInputChannel.h">
      <Filter>Header Files</Filter>
    </ClInclude>
    <ClInclude Include="InputOfTSampleChannel.h">
      <Filter>Header Files</Filter>
    </ClInclude>
    <ClInclude Include="IOutputChannelPair.h">
      <Filter>Header Files</Filter>
    </ClInclude>
    <ClInclude Include="ISampleBuffer.h">
      <Filter>Header Files</Filter>
    </ClInclude>
    <ClInclude Include="ISampleContainer.h">
      <Filter>Header Files</Filter>
    </ClInclude>
    <ClInclude Include="ISourceJoiner.h">
      <Filter>Header Files</Filter>
    </ClInclude>
    <ClInclude Include="ISampleSharer.h">
      <Filter>Header Files</Filter>
    </ClInclude>
    <ClInclude Include="MeterChannel.h">
      <Filter>Header Files</Filter>
    </ClInclude>
    <ClInclude Include="SampleBuffer.h">
      <Filter>Header Files</Filter>
    </ClInclude>
    <ClInclude Include="SampleContainer.h">
      <Filter>Header Files</Filter>
    </ClInclude>
    <ClInclude Include="SourceJoiner.h">
      <Filter>Header Files</Filter>
    </ClInclude>
    <ClInclude Include="SampleSharer.h">
      <Filter>Header Files</Filter>
    </ClInclude>
    <ClInclude Include="SampleConversionUnmanaged.h">
      <Filter>Header Files</Filter>
    </ClInclude>
    <ClInclude Include="OutputOfTSampleChannelPair.h">
      <Filter>Header Files</Filter>
    </ClInclude>
    <ClInclude Include="Audio.Foundation.Unmanaged.h">
      <Filter>Header Files</Filter>
    </ClInclude>
    <ClInclude Include="FoundationObjectFactory.h">
      <Filter>Header Files</Filter>
    </ClInclude>
    <ClInclude Include="UnknownBase.h">
      <Filter>Header Files</Filter>
    </ClInclude>
    <ClInclude Include="IMeterChannel.h">
      <Filter>Header Files</Filter>
    </ClInclude>
    <ClInclude Include="StreamWriter.h">
      <Filter>Header Files</Filter>
    </ClInclude>
    <ClInclude Include="FileWriter.h">
      <Filter>Header Files</Filter>
    </ClInclude>
    <ClInclude Include="ITakeSequence.h">
      <Filter>Header Files</Filter>
    </ClInclude>
    <ClInclude Include="ITake.h">
      <Filter>Header Files</Filter>
    </ClInclude>
    <ClInclude Include="TakeSequence.h">
      <Filter>Header Files</Filter>
    </ClInclude>
    <ClInclude Include="Take.h">
      <Filter>Header Files</Filter>
    </ClInclude>
    <ClInclude Include="FileReader.h">
      <Filter>Header Files</Filter>
    </ClInclude>
    <ClInclude Include="StreamReader.h">
      <Filter>Header Files</Filter>
    </ClInclude>
    <ClInclude Include="ISampleProcessor.h">
      <Filter>Header Files</Filter>
    </ClInclude>
    <ClInclude Include="SampleType.h">
      <Filter>Header Files</Filter>
    </ClInclude>
    <ClInclude Include="OutputInt32ChannelPair.h">
      <Filter>Header Files</Filter>
    </ClInclude>
    <ClInclude Include="InputFloat32Channel.h">
      <Filter>Header Files</Filter>
    </ClInclude>
    <ClInclude Include="InputInt24Channel.h">
      <Filter>Header Files</Filter>
    </ClInclude>
    <ClInclude Include="InputInt32Channel.h">
      <Filter>Header Files</Filter>
    </ClInclude>
    <ClInclude Include="OutputFloat32ChannelPair.h">
      <Filter>Header Files</Filter>
    </ClInclude>
    <ClInclude Include="OutputInt24ChannelPair.h">
      <Filter>Header Files</Filter>
    </ClInclude>
    <ClInclude Include="AudioFoundationException.h">
      <Filter>Header Files</Filter>
    </ClInclude>
    <ClInclude Include="ISampleSource.h">
      <Filter>Header Files</Filter>
    </ClInclude>
    <ClInclude Include="ContainerWriter.h">
      <Filter>Header Files</Filter>
    </ClInclude>
    <ClInclude Include="IHostClock.h">
      <Filter>Header Files</Filter>
    </ClInclude>
    <ClInclude Include="HostClock.h">
      <Filter>Header Files</Filter>
    </ClInclude>
    <ClInclude Include="AudioTime.h">
      <Filter>Header Files</Filter>
    </ClInclude>
    <ClInclude Include="SampleContainerSpan.h">
      <Filter>Header Files</Filter>
    </ClInclude>
    <ClInclude Include="SampleBufferSpan.h">
      <Filter>Header Files</Filter>
    </ClInclude>
    <ClInclude Include="VectorWriter.h">
      <Filter>Header Files</Filter>
    </ClInclude>
    <ClInclude Include="ContainerReader.h">
      <Filter>Header Files</Filter>
    </ClInclude>
    <ClInclude Include="IProcessingChain.h">
      <Filter>Header Files</Filter>
    </ClInclude>
    <ClInclude Include="ProcessingChain.h">
      <Filter>Header Files</Filter>
    </ClInclude>
    <ClInclude Include="SourceProcessor.h">
      <Filter>Header Files</Filter>
    </ClInclude>
    <ClInclude Include="MidiInput.h">
      <Filter>Header Files</Filter>
    </ClInclude>
    <ClInclude Include="MidiMessage.h">
      <Filter>Header Files</Filter>
    </ClInclude>
    <ClInclude Include="MidiEvents.h">
      <Filter>Header Files</Filter>
    </ClInclude>
    <ClInclude Include="IMidiEvents.h">
      <Filter>Header Files</Filter>
    </ClInclude>
    <ClInclude Include="IMidiInput.h">
      <Filter>Header Files</Filter>
    </ClInclude>
    <ClInclude Include="IRecorder.h">
      <Filter>Header Files</Filter>
    </ClInclude>
    <ClInclude Include="ITransport.h">
      <Filter>Header Files</Filter>
    </ClInclude>
    <ClInclude Include="Transport.h">
      <Filter>Header Files</Filter>
    </ClInclude>
    <ClInclude Include="IControllerEvents.h">
      <Filter>Header Files</Filter>
    </ClInclude>
    <ClInclude Include="ControllerEvents.h">
      <Filter>Header Files</Filter>
    </ClInclude>
    <ClInclude Include="ProcessingContext.h">
      <Filter>Header Files</Filter>
    </ClInclude>
    <ClInclude Include="SatOutputInt32ChannelPair.h">
      <Filter>Header Files</Filter>
    </ClInclude>
    <ClInclude Include="SatOutputFloat32ChannelPair.h">
      <Filter>Header Files</Filter>
    </ClInclude>
    <ClInclude Include="SatOutputInt24ChannelPair.h">
      <Filter>Header Files</Filter>
    </ClInclude>
    <ClInclude Include="GainProcessor.h">
      <Filter>Header Files</Filter>
    </ClInclude>
    <ClInclude Include="ISpatial.h">
      <Filter>Header Files</Filter>
    </ClInclude>
    <ClInclude Include="MixParameter.h">
      <Filter>Header Files</Filter>
    </ClInclude>
    <ClInclude Include="Oscillator.h">
      <Filter>Header Files</Filter>
    </ClInclude>
    <ClInclude Include="MidiTransportControl.h">
      <Filter>Header Files</Filter>
    </ClInclude>
    <ClInclude Include="IController.h">
      <Filter>Header Files</Filter>
    </ClInclude>
    <ClInclude Include="IOscillator.h">
      <Filter>Header Files</Filter>
    </ClInclude>
    <ClInclude Include="OscControl.h">
      <Filter>Header Files</Filter>
    </ClInclude>
    <ClInclude Include="NetPeerServer.h">
      <Filter>Header Files</Filter>
    </ClInclude>
    <ClInclude Include="IServerEvents.h">
      <Filter>Header Files</Filter>
    </ClInclude>
    <ClInclude Include="ServerEvents.h">
      <Filter>Header Files</Filter>
    </ClInclude>
    <ClInclude Include="NetEndpoint.h">
      <Filter>Header Files</Filter>
    </ClInclude>
    <ClInclude Include="NetClient.h">
      <Filter>Header Files</Filter>
    </ClInclude>
    <ClInclude Include="INetPeerServer.h">
      <Filter>Header Files</Filter>
    </ClInclude>
    <ClInclude Include="INetEndpoint.h">
      <Filter>Header Files</Filter>
    </ClInclude>
    <ClInclude Include="INetClient.h">
      <Filter>Header Files</Filter>
    </ClInclude>
    <ClInclude Include="WinsockLifetime.h">
      <Filter>Header Files</Filter>
    </ClInclude>
  </ItemGroup>
  <ItemGroup>
    <ClCompile Include="dllmain.cpp">
      <Filter>Source Files</Filter>
    </ClCompile>
    <ClCompile Include="pch.cpp">
      <Filter>Source Files</Filter>
    </ClCompile>
    <ClCompile Include="MeterChannel.cpp">
      <Filter>Source Files</Filter>
    </ClCompile>
    <ClCompile Include="SampleBuffer.cpp">
      <Filter>Source Files</Filter>
    </ClCompile>
    <ClCompile Include="SampleContainer.cpp">
      <Filter>Source Files</Filter>
    </ClCompile>
    <ClCompile Include="SourceJoiner.cpp">
      <Filter>Source Files</Filter>
    </ClCompile>
    <ClCompile Include="SampleSharer.cpp">
      <Filter>Source Files</Filter>
    </ClCompile>
    <ClCompile Include="FoundationObjectFactory.cpp">
      <Filter>Source Files</Filter>
    </ClCompile>
    <ClCompile Include="StreamWriter.cpp">
      <Filter>Source Files</Filter>
    </ClCompile>
    <ClCompile Include="FileWriter.cpp">
      <Filter>Source Files</Filter>
    </ClCompile>
    <ClCompile Include="Take.cpp">
      <Filter>Source Files</Filter>
    </ClCompile>
    <ClCompile Include="TakeSequence.cpp">
      <Filter>Source Files</Filter>
    </ClCompile>
    <ClCompile Include="StreamReader.cpp">
      <Filter>Source Files</Filter>
    </ClCompile>
    <ClCompile Include="FileReader.cpp">
      <Filter>Source Files</Filter>
    </ClCompile>
    <ClCompile Include="AudioFoundationException.cpp">
      <Filter>Source Files</Filter>
    </ClCompile>
    <ClCompile Include="ContainerWriter.cpp">
      <Filter>Source Files</Filter>
    </ClCompile>
    <ClCompile Include="HostClock.cpp">
      <Filter>Source Files</Filter>
    </ClCompile>
    <ClCompile Include="AudioTime.cpp">
      <Filter>Source Files</Filter>
    </ClCompile>
    <ClCompile Include="SampleBufferSpan.cpp">
      <Filter>Source Files</Filter>
    </ClCompile>
    <ClCompile Include="SampleContainerSpan.cpp">
      <Filter>Source Files</Filter>
    </ClCompile>
    <ClCompile Include="VectorWriter.cpp">
      <Filter>Source Files</Filter>
    </ClCompile>
    <ClCompile Include="ContainerReader.cpp">
      <Filter>Source Files</Filter>
    </ClCompile>
    <ClCompile Include="ProcessingChain.cpp">
      <Filter>Source Files</Filter>
    </ClCompile>
    <ClCompile Include="SourceProcessor.cpp">
      <Filter>Source Files</Filter>
    </ClCompile>
    <ClCompile Include="MidiInput.cpp">
      <Filter>Source Files</Filter>
    </ClCompile>
    <ClCompile Include="MidiMessage.cpp">
      <Filter>Source Files</Filter>
    </ClCompile>
    <ClCompile Include="MidiEvents.cpp">
      <Filter>Source Files</Filter>
    </ClCompile>
    <ClCompile Include="Transport.cpp">
      <Filter>Source Files</Filter>
    </ClCompile>
    <ClCompile Include="ControllerEvents.cpp">
      <Filter>Source Files</Filter>
    </ClCompile>
    <ClCompile Include="ProcessingContext.cpp">
      <Filter>Source Files</Filter>
    </ClCompile>
    <ClCompile Include="GainProcessor.cpp">
      <Filter>Source Files</Filter>
    </ClCompile>
    <ClCompile Include="Oscillator.cpp">
      <Filter>Source Files</Filter>
    </ClCompile>
    <ClCompile Include="MidiTransportControl.cpp">
      <Filter>Source Files</Filter>
    </ClCompile>
    <ClCompile Include="OscControl.cpp">
      <Filter>Source Files</Filter>
    </ClCompile>
    <ClCompile Include="NetPeerServer.cpp">
      <Filter>Source Files</Filter>
    </ClCompile>
    <ClCompile Include="ServerEvents.cpp">
      <Filter>Source Files</Filter>
    </ClCompile>
    <ClCompile Include="NetClient.cpp">
      <Filter>Source Files</Filter>
    </ClCompile>
    <ClCompile Include="NetEndpoint.cpp">
      <Filter>Source Files</Filter>
    </ClCompile>
    <ClCompile Include="WinsockLifetime.cpp">
      <Filter>Source Files</Filter>
    </ClCompile>
  </ItemGroup>
</Project>