<?xml version="1.0" encoding="utf-8"?>
<Project ToolsVersion="4.0" xmlns="http://schemas.microsoft.com/developer/msbuild/2003">
  <ItemGroup>
    <Filter Include="Source Files">
      <UniqueIdentifier>{4FC737F1-C7A5-4376-A066-2A32D752A2FF}</UniqueIdentifier>
      <Extensions>cpp;c;cc;cxx;c++;cppm;ixx;def;odl;idl;hpj;bat;asm;asmx</Extensions>
    </Filter>
    <Filter Include="Header Files">
      <UniqueIdentifier>{93995380-89BD-4b04-88EB-625FBE52EBFB}</UniqueIdentifier>
      <Extensions>h;hh;hpp;hxx;h++;hm;inl;inc;ipp;xsd</Extensions>
    </Filter>
    <Filter Include="Resource Files">
      <UniqueIdentifier>{67DA6AB6-F800-4c08-8B7A-83BB121AAD01}</UniqueIdentifier>
      <Extensions>rc;ico;cur;bmp;dlg;rc2;rct;bin;rgs;gif;jpg;jpeg;jpe;resx;tiff;tif;png;wav;mfcribbon-ms</Extensions>
    </Filter>
  </ItemGroup>
  <ItemGroup>
    <ClInclude Include="framework.h">
      <Filter>Header Files</Filter>
    </ClInclude>
    <ClInclude Include="pch.h">
      <Filter>Header Files</Filter>
    </ClInclude>
    <ClInclude Include="..\Audio.Foundation\ChannelLink.h">
      <Filter>Header Files</Filter>
    </ClInclude>
    <ClInclude Include="..\Audio.Foundation\IChannelLink.h">
      <Filter>Header Files</Filter>
    </ClInclude>
    <ClInclude Include="..\Audio.Foundation\IInputChannel.h">
      <Filter>Header Files</Filter>
    </ClInclude>
    <ClInclude Include="..\Audio.Foundation\InputOfTSampleChannel.h">
      <Filter>Header Files</Filter>
    </ClInclude>
    <ClInclude Include="..\Audio.Foundation\IOutputChannelPair.h">
      <Filter>Header Files</Filter>
    </ClInclude>
    <ClInclude Include="..\Audio.Foundation\ISampleBuffer.h">
      <Filter>Header Files</Filter>
    </ClInclude>
    <ClInclude Include="..\Audio.Foundation\ISampleSharer.h">
      <Filter>Header Files</Filter>
    </ClInclude>
    <ClInclude Include="..\Audio.Foundation\ISampleReceiver.h">
      <Filter>Header Files</Filter>
    </ClInclude>
    <ClInclude Include="..\Audio.Foundation\ISampleLinker.h">
      <Filter>Header Files</Filter>
    </ClInclude>
    <ClInclude Include="..\Audio.Foundation\ISampleContainer.h">
      <Filter>Header Files</Filter>
    </ClInclude>
    <ClInclude Include="..\Audio.Foundation\MeterChannel.h">
      <Filter>Header Files</Filter>
    </ClInclude>
    <ClInclude Include="..\Audio.Foundation\OutputOfTSampleChannelPair.h">
      <Filter>Header Files</Filter>
    </ClInclude>
    <ClInclude Include="..\Audio.Foundation\SampleSharer.h">
      <Filter>Header Files</Filter>
    </ClInclude>
    <ClInclude Include="..\Audio.Foundation\SampleJoiner.h">
      <Filter>Header Files</Filter>
    </ClInclude>
    <ClInclude Include="..\Audio.Foundation\SampleContainer.h">
      <Filter>Header Files</Filter>
    </ClInclude>
    <ClInclude Include="..\Audio.Foundation\SampleBuffer.h">
      <Filter>Header Files</Filter>
    </ClInclude>
    <ClInclude Include="..\Audio.Foundation\SampleConversionUnmanaged.h">
      <Filter>Header Files</Filter>
    </ClInclude>
  </ItemGroup>
  <ItemGroup>
    <ClCompile Include="dllmain.cpp">
      <Filter>Source Files</Filter>
    </ClCompile>
    <ClCompile Include="pch.cpp">
      <Filter>Source Files</Filter>
    </ClCompile>
    <ClCompile Include="..\Audio.Foundation\_Interfaces.cpp">
      <Filter>Source Files</Filter>
    </ClCompile>
    <ClCompile Include="..\Audio.Foundation\ChannelLink.cpp">
      <Filter>Source Files</Filter>
    </ClCompile>
    <ClCompile Include="..\Audio.Foundation\MeterChannel.cpp">
      <Filter>Source Files</Filter>
    </ClCompile>
    <ClCompile Include="..\Audio.Foundation\SampleBuffer.cpp">
      <Filter>Source Files</Filter>
    </ClCompile>
    <ClCompile Include="..\Audio.Foundation\SampleContainer.cpp">
      <Filter>Source Files</Filter>
    </ClCompile>
    <ClCompile Include="..\Audio.Foundation\SampleJoiner.cpp">
      <Filter>Source Files</Filter>
    </ClCompile>
    <ClCompile Include="..\Audio.Foundation\SampleSharer.cpp">
      <Filter>Source Files</Filter>
    </ClCompile>
  </ItemGroup>
</Project>