<?xml version="1.0" encoding="utf-8"?>
<Project ToolsVersion="4.0" xmlns="http://schemas.microsoft.com/developer/msbuild/2003">
  <ItemGroup>
    <Filter Include="Source Files">
      <UniqueIdentifier>{4FC737F1-C7A5-4376-A066-2A32D752A2FF}</UniqueIdentifier>
      <Extensions>cpp;c;cc;cxx;c++;cppm;ixx;def;odl;idl;hpj;bat;asm;asmx</Extensions>
    </Filter>
    <Filter Include="Header Files">
      <UniqueIdentifier>{93995380-89BD-4b04-88EB-625FBE52EBFB}</UniqueIdentifier>
      <Extensions>h;hh;hpp;hxx;h++;hm;inl;inc;ipp;xsd</Extensions>
    </Filter>
    <Filter Include="Resource Files">
      <UniqueIdentifier>{67DA6AB6-F800-4c08-8B7A-83BB121AAD01}</UniqueIdentifier>
      <Extensions>rc;ico;cur;bmp;dlg;rc2;rct;bin;rgs;gif;jpg;jpeg;jpe;resx;tiff;tif;png;wav;mfcribbon-ms</Extensions>
    </Filter>
  </ItemGroup>
  <ItemGroup>
    <ClInclude Include="Resource.h">
      <Filter>Header Files</Filter>
    </ClInclude>
    <ClInclude Include="pch.h">
      <Filter>Header Files</Filter>
    </ClInclude>
    <ClInclude Include="AudioException.h">
      <Filter>Header Files</Filter>
    </ClInclude>
    <ClInclude Include="ExceptionExtensions.h">
      <Filter>Header Files</Filter>
    </ClInclude>
    <ClInclude Include="IAudioInput.h">
      <Filter>Header Files</Filter>
    </ClInclude>
    <ClInclude Include="IAudioOutput.h">
      <Filter>Header Files</Filter>
    </ClInclude>
    <ClInclude Include="IAudioTake.h">
      <Filter>Header Files</Filter>
    </ClInclude>
    <ClInclude Include="Level.h">
      <Filter>Header Files</Filter>
    </ClInclude>
    <ClInclude Include="WaveFile.h">
      <Filter>Header Files</Filter>
    </ClInclude>
    <ClInclude Include="WaveFormat.h">
      <Filter>Header Files</Filter>
    </ClInclude>
    <ClInclude Include="AudioTakeBase.h">
      <Filter>Header Files</Filter>
    </ClInclude>
    <ClInclude Include="FileAudioTake.h">
      <Filter>Header Files</Filter>
    </ClInclude>
    <ClInclude Include="StreamAudioTake.h">
      <Filter>Header Files</Filter>
    </ClInclude>
    <ClInclude Include="AudioRecording.h">
      <Filter>Header Files</Filter>
    </ClInclude>
    <ClInclude Include="ReadOnlyCollection.h">
      <Filter>Header Files</Filter>
    </ClInclude>
    <ClInclude Include="SampleConversion.h">
      <Filter>Header Files</Filter>
    </ClInclude>
    <ClInclude Include="StreamProvider.h">
      <Filter>Header Files</Filter>
    </ClInclude>
    <ClInclude Include="AudioInputBase.h">
      <Filter>Header Files</Filter>
    </ClInclude>
    <ClInclude Include="AudioOutputBase.h">
      <Filter>Header Files</Filter>
    </ClInclude>
    <ClInclude Include="IAudioTarget.h">
      <Filter>Header Files</Filter>
    </ClInclude>
    <ClInclude Include="IAudioSource.h">
      <Filter>Header Files</Filter>
    </ClInclude>
    <ClInclude Include="AudioTargetBase.h">
      <Filter>Header Files</Filter>
    </ClInclude>
    <ClInclude Include="AudioSourceBase.h">
      <Filter>Header Files</Filter>
    </ClInclude>
    <ClInclude Include="IAudioBuffer.h">
      <Filter>Header Files</Filter>
    </ClInclude>
  </ItemGroup>
  <ItemGroup>
    <ClCompile Include="AssemblyInfo.cpp">
      <Filter>Source Files</Filter>
    </ClCompile>
    <ClCompile Include="pch.cpp">
      <Filter>Source Files</Filter>
    </ClCompile>
    <ClCompile Include="AudioException.cpp">
      <Filter>Source Files</Filter>
    </ClCompile>
    <ClCompile Include="ExceptionExtensions.cpp">
      <Filter>Source Files</Filter>
    </ClCompile>
    <ClCompile Include="WaveFile.cpp">
      <Filter>Source Files</Filter>
    </ClCompile>
    <ClCompile Include="WaveFormat.cpp">
      <Filter>Source Files</Filter>
    </ClCompile>
    <ClCompile Include="AudioTakeBase.cpp">
      <Filter>Source Files</Filter>
    </ClCompile>
    <ClCompile Include="FileAudioTake.cpp">
      <Filter>Source Files</Filter>
    </ClCompile>
    <ClCompile Include="FxChannel.cpp">
      <Filter>Source Files</Filter>
    </ClCompile>
    <ClCompile Include="StreamAudioTake.cpp">
      <Filter>Source Files</Filter>
    </ClCompile>
    <ClCompile Include="AudioRecording.cpp">
      <Filter>Source Files</Filter>
    </ClCompile>
    <ClCompile Include="Level.cpp">
      <Filter>Source Files</Filter>
    </ClCompile>
    <ClCompile Include="StreamProvider.cpp">
      <Filter>Source Files</Filter>
    </ClCompile>
    <ClCompile Include="SampleConversion.cpp">
      <Filter>Source Files</Filter>
    </ClCompile>
    <ClCompile Include="ReadOnlyCollectionOfInt.cpp">
      <Filter>Source Files</Filter>
    </ClCompile>
    <ClCompile Include="AudioInputBase.cpp">
      <Filter>Source Files</Filter>
    </ClCompile>
    <ClCompile Include="AudioOutputBase.cpp">
      <Filter>Source Files</Filter>
    </ClCompile>
    <ClCompile Include="AudioTargetBase.cpp">
      <Filter>Source Files</Filter>
    </ClCompile>
    <ClCompile Include="AudioSourceBase.cpp">
      <Filter>Source Files</Filter>
    </ClCompile>
  </ItemGroup>
  <ItemGroup>
    <ResourceCompile Include="app.rc">
      <Filter>Resource Files</Filter>
    </ResourceCompile>
  </ItemGroup>
  <ItemGroup>
    <Image Include="app.ico">
      <Filter>Resource Files</Filter>
    </Image>
  </ItemGroup>
</Project>