<?xml version="1.0" encoding="utf-8"?>
<Project ToolsVersion="4.0" xmlns="http://schemas.microsoft.com/developer/msbuild/2003">
  <ItemGroup>
    <ClCompile Include="UsefullStuff.cpp" />
    <ClCompile Include="AsioInteropException.cpp">
      <Filter>Source</Filter>
    </ClCompile>
    <ClCompile Include="AssemblyInfo.cpp">
      <Filter>Source</Filter>
    </ClCompile>
    <ClCompile Include="AudioInput.cpp">
      <Filter>Source</Filter>
    </ClCompile>
    <ClCompile Include="AudioOutput.cpp">
      <Filter>Source</Filter>
    </ClCompile>
    <ClCompile Include="AudioTrack.cpp">
      <Filter>Source</Filter>
    </ClCompile>
    <ClCompile Include="DriverRegistry.cpp">
      <Filter>Source</Filter>
    </ClCompile>
    <ClCompile Include="TapeMachine.cpp">
      <Filter>Source</Filter>
    </ClCompile>
    <ClCompile Include="AudioTrackCollection.cpp">
      <Filter>Source</Filter>
    </ClCompile>
    <ClCompile Include="pch.cpp">
      <Filter>Source</Filter>
    </ClCompile>
    <ClCompile Include="AsioDevice.cpp">
      <Filter>Source</Filter>
    </ClCompile>
    <ClCompile Include="AsioRouter.cpp">
      <Filter>Source</Filter>
    </ClCompile>
    <ClCompile Include="ManagedLooperConfig.cpp">
      <Filter>Source</Filter>
    </ClCompile>
    <ClCompile Include="ManagedLooper.cpp">
      <Filter>Source</Filter>
    </ClCompile>
    <ClCompile Include="GuidConversion.cpp">
      <Filter>Source</Filter>
    </ClCompile>
    <ClCompile Include="RegisteredDriver.cpp">
      <Filter>Source</Filter>
    </ClCompile>
    <ClCompile Include="LooperEvents.cpp">
      <Filter>Source</Filter>
    </ClCompile>
    <ClCompile Include="ManagedLooperTrack.cpp" />
  </ItemGroup>
  <ItemGroup>
    <ClInclude Include="AsioInteropException.h">
      <Filter>Header</Filter>
    </ClInclude>
    <ClInclude Include="AudioInput.h">
      <Filter>Header</Filter>
    </ClInclude>
    <ClInclude Include="AudioInputCollection.h">
      <Filter>Header</Filter>
    </ClInclude>
    <ClInclude Include="AudioOutput.h">
      <Filter>Header</Filter>
    </ClInclude>
    <ClInclude Include="AudioOutputCollection.h">
      <Filter>Header</Filter>
    </ClInclude>
    <ClInclude Include="AudioTrack.h">
      <Filter>Header</Filter>
    </ClInclude>
    <ClInclude Include="AudioTrackCollection.h">
      <Filter>Header</Filter>
    </ClInclude>
    <ClInclude Include="resource.h">
      <Filter>Header</Filter>
    </ClInclude>
    <ClInclude Include="TapeMachine.h">
      <Filter>Header</Filter>
    </ClInclude>
    <ClInclude Include="pch.h">
      <Filter>Header</Filter>
    </ClInclude>
    <ClInclude Include="AsioRouter.h">
      <Filter>Header</Filter>
    </ClInclude>
    <ClInclude Include="AsioDevice.h">
      <Filter>Header</Filter>
    </ClInclude>
    <ClInclude Include="AsioDeviceCollection.h">
      <Filter>Header</Filter>
    </ClInclude>
    <ClInclude Include="DriverRegistry.h">
      <Filter>Header</Filter>
    </ClInclude>
    <ClInclude Include="ManagedLooperConfig.h">
      <Filter>Header</Filter>
    </ClInclude>
    <ClInclude Include="ManagedLooper.h">
      <Filter>Header</Filter>
    </ClInclude>
    <ClInclude Include="GuidConversion.h">
      <Filter>Header</Filter>
    </ClInclude>
    <ClInclude Include="RegisteredDriver.h">
      <Filter>Header</Filter>
    </ClInclude>
    <ClInclude Include="LooperEvents.h">
      <Filter>Header</Filter>
    </ClInclude>
    <ClInclude Include="ManagedLooperTrack.h">
      <Filter>Header</Filter>
    </ClInclude>
  </ItemGroup>
  <ItemGroup>
    <Filter Include="Header">
      <UniqueIdentifier>{ec82c371-d6f0-462c-8557-7a6df6ce36d5}</UniqueIdentifier>
    </Filter>
    <Filter Include="Source">
      <UniqueIdentifier>{62b18ed8-f30e-4a28-88a5-6183ebf4ac9f}</UniqueIdentifier>
    </Filter>
    <Filter Include="Resource">
      <UniqueIdentifier>{8c98f489-5dc3-4cf7-a0db-5bba243b9710}</UniqueIdentifier>
    </Filter>
  </ItemGroup>
  <ItemGroup>
    <ResourceCompile Include="app.rc">
      <Filter>Resource</Filter>
    </ResourceCompile>
  </ItemGroup>
  <ItemGroup>
    <Image Include="app.ico">
      <Filter>Resource</Filter>
    </Image>
  </ItemGroup>
</Project>